
Microsoft Visual Studio Solution File, Format Version 12.00
# Visual Studio Version 17
VisualStudioVersion = 17.10.35004.147
MinimumVisualStudioVersion = 10.0.40219.1
Project("{FAE04EC0-301F-11D3-BF4B-00C04F79EFBC}") = "Custom_Project", "Custom_Project.csproj", "{7E5D31F3-D0B1-44A6-919A-C1C256F486C2}"
EndProject
Global
	GlobalSection(SolutionConfigurationPlatforms) = preSolution
		Debug|Any CPU = Debug|Any CPU
		Release|Any CPU = Release|Any CPU
	EndGlobalSection
	GlobalSection(ProjectConfigurationPlatforms) = postSolution
		{7E5D31F3-D0B1-44A6-919A-C1C256F486C2}.Debug|Any CPU.ActiveCfg = Debug|Any CPU
		{7E5D31F3-D0B1-44A6-919A-C1C256F486C2}.Debug|Any CPU.Build.0 = Debug|Any CPU
		{7E5D31F3-D0B1-44A6-919A-C1C256F486C2}.Release|Any CPU.ActiveCfg = Release|Any CPU
		{7E5D31F3-D0B1-44A6-919A-C1C256F486C2}.Release|Any CPU.Build.0 = Release|Any CPU
	EndGlobalSection
	GlobalSection(SolutionProperties) = preSolution
		HideSolutionNode = FALSE
	EndGlobalSection
	GlobalSection(ExtensibilityGlobals) = postSolution
		SolutionGuid = {0333F335-B348-4737-A64E-E6AD872BDF38}
	EndGlobalSection
EndGlobal
